
Microsoft Visual Studio Solution File, Format Version 12.00
# Visual Studio Version 17
VisualStudioVersion = 17.1.32210.238
MinimumVisualStudioVersion = 10.0.40219.1
Project("{FAE04EC0-301F-11D3-BF4B-00C04F79EFBC}") = "ProjetoVideoAula", "ProjetoVideoAula.csproj", "{98A15F15-0847-4CBF-9EB1-072ABF1B313F}"
EndProject
Global
	GlobalSection(SolutionConfigurationPlatforms) = preSolution
		Debug|Any CPU = Debug|Any CPU
		Release|Any CPU = Release|Any CPU
	EndGlobalSection
	GlobalSection(ProjectConfigurationPlatforms) = postSolution
		{98A15F15-0847-4CBF-9EB1-072ABF1B313F}.Debug|Any CPU.ActiveCfg = Debug|Any CPU
		{98A15F15-0847-4CBF-9EB1-072ABF1B313F}.Debug|Any CPU.Build.0 = Debug|Any CPU
		{98A15F15-0847-4CBF-9EB1-072ABF1B313F}.Release|Any CPU.ActiveCfg = Release|Any CPU
		{98A15F15-0847-4CBF-9EB1-072ABF1B313F}.Release|Any CPU.Build.0 = Release|Any CPU
	EndGlobalSection
	GlobalSection(SolutionProperties) = preSolution
		HideSolutionNode = FALSE
	EndGlobalSection
	GlobalSection(ExtensibilityGlobals) = postSolution
		SolutionGuid = {9D1D922E-F7B9-494C-9115-9FD4573B9EC1}
	EndGlobalSection
EndGlobal
