
Microsoft Visual Studio Solution File, Format Version 12.00
# Visual Studio Version 17
VisualStudioVersion = 17.1.32210.238
MinimumVisualStudioVersion = 10.0.40219.1
Project("{FAE04EC0-301F-11D3-BF4B-00C04F79EFBC}") = "CrudForm_Teste", "CrudForm_Teste.csproj", "{05A089D8-9F31-45FB-AF79-272516624624}"
EndProject
Global
	GlobalSection(SolutionConfigurationPlatforms) = preSolution
		Debug|Any CPU = Debug|Any CPU
		Release|Any CPU = Release|Any CPU
	EndGlobalSection
	GlobalSection(ProjectConfigurationPlatforms) = postSolution
		{05A089D8-9F31-45FB-AF79-272516624624}.Debug|Any CPU.ActiveCfg = Debug|Any CPU
		{05A089D8-9F31-45FB-AF79-272516624624}.Debug|Any CPU.Build.0 = Debug|Any CPU
		{05A089D8-9F31-45FB-AF79-272516624624}.Release|Any CPU.ActiveCfg = Release|Any CPU
		{05A089D8-9F31-45FB-AF79-272516624624}.Release|Any CPU.Build.0 = Release|Any CPU
	EndGlobalSection
	GlobalSection(SolutionProperties) = preSolution
		HideSolutionNode = FALSE
	EndGlobalSection
	GlobalSection(ExtensibilityGlobals) = postSolution
		SolutionGuid = {A0E3C835-AC1D-45C9-B272-64B4E968FD90}
	EndGlobalSection
EndGlobal
