
Microsoft Visual Studio Solution File, Format Version 12.00
# Visual Studio Version 17
VisualStudioVersion = 17.0.32112.339
MinimumVisualStudioVersion = 10.0.40219.1
Project("{FAE04EC0-301F-11D3-BF4B-00C04F79EFBC}") = "ConsoleApp1", "ConsoleApp1.csproj", "{C9AD09F6-6B55-430C-83F2-2000D9CECE57}"
EndProject
Global
	GlobalSection(SolutionConfigurationPlatforms) = preSolution
		Debug|Any CPU = Debug|Any CPU
		Release|Any CPU = Release|Any CPU
	EndGlobalSection
	GlobalSection(ProjectConfigurationPlatforms) = postSolution
		{C9AD09F6-6B55-430C-83F2-2000D9CECE57}.Debug|Any CPU.ActiveCfg = Debug|Any CPU
		{C9AD09F6-6B55-430C-83F2-2000D9CECE57}.Debug|Any CPU.Build.0 = Debug|Any CPU
		{C9AD09F6-6B55-430C-83F2-2000D9CECE57}.Release|Any CPU.ActiveCfg = Release|Any CPU
		{C9AD09F6-6B55-430C-83F2-2000D9CECE57}.Release|Any CPU.Build.0 = Release|Any CPU
	EndGlobalSection
	GlobalSection(SolutionProperties) = preSolution
		HideSolutionNode = FALSE
	EndGlobalSection
	GlobalSection(ExtensibilityGlobals) = postSolution
		SolutionGuid = {864E31C9-95F0-44CC-81A1-6CEC2271830F}
	EndGlobalSection
EndGlobal
